// !$*UTF8*$!
{
	archiveVersion = 1;
	classes = {
	};
	objectVersion = 77;
	objects = {

/* Begin PBXBuildFile section */
		10B243AEF92B1D0E75EF2548 /* RoomTagBar.swift in Sources */ = {isa = PBXBuildFile; fileRef = B334615711A0590CE40AA4C9 /* RoomTagBar.swift */; };
		1AF302A469774E89A13D3A73 /* MediaImporter.swift in Sources */ = {isa = PBXBuildFile; fileRef = EF368AB27AC0367798607FA4 /* MediaImporter.swift */; };
		23103C7671C216BFBEA08797 /* Money.swift in Sources */ = {isa = PBXBuildFile; fileRef = C65AFC6059E55D94283A7BEF /* Money.swift */; };
		23166309A38B504B2FE352A1 /* Listing.swift in Sources */ = {isa = PBXBuildFile; fileRef = 6BCB0F63331E811E0E46F4DD /* Listing.swift */; };
		281753E774DF3902B4957387 /* RoomTag.swift in Sources */ = {isa = PBXBuildFile; fileRef = 316485AB70E423CF1DF80718 /* RoomTag.swift */; };
		2B27AEC759767C065434016B /* MockAPIClient.swift in Sources */ = {isa = PBXBuildFile; fileRef = 64F504BEA07223F8D2919C7C /* MockAPIClient.swift */; };
		2F41893E5E026B023E5CF32A /* Config.swift in Sources */ = {isa = PBXBuildFile; fileRef = 8F6923003FD522B9ABD95A17 /* Config.swift */; };
		37D554C3AC6570078EBC9896 /* CameraManager.swift in Sources */ = {isa = PBXBuildFile; fileRef = D746633FD7B0C96F45695CBF /* CameraManager.swift */; };
		3D745D9F3E2B8C9A208D52A3 /* ReviewSubmitView.swift in Sources */ = {isa = PBXBuildFile; fileRef = B7D1D9FEB458ADF38605A25B /* ReviewSubmitView.swift */; };
		3F893603CC6D98B3A9507F0B /* GuidanceOverlays.swift in Sources */ = {isa = PBXBuildFile; fileRef = 3231FC8BA993B604957BA2A9 /* GuidanceOverlays.swift */; };
		44D77681F17A48AB00E4028D /* MotionRecorder.swift in Sources */ = {isa = PBXBuildFile; fileRef = AF39E16ADEA845930C7ACE64 /* MotionRecorder.swift */; };
		4AEA3C8C014C2773A6D75CF5 /* APIClient.swift in Sources */ = {isa = PBXBuildFile; fileRef = 4801EBFCC788B0BADF6B9B10 /* APIClient.swift */; };
		53CC0E62674B1169C4677F54 /* UploadManager.swift in Sources */ = {isa = PBXBuildFile; fileRef = CDD05D9B08B8E70E3DCDCAD3 /* UploadManager.swift */; };
		6EFC1A84FF29D7C6D3E0F48E /* Render.swift in Sources */ = {isa = PBXBuildFile; fileRef = BF98C33A6621790D95D9D12A /* Render.swift */; };
		758E75217D27104E3E91E281 /* RendpropApp.swift in Sources */ = {isa = PBXBuildFile; fileRef = 486A2245D2766F4943B5016A /* RendpropApp.swift */; };
		8D827D4D42BBDCFD1534BCBC /* Theme.swift in Sources */ = {isa = PBXBuildFile; fileRef = 018491D467DE946745CF3D0F /* Theme.swift */; };
		900239439C3FF1B9C934F76D /* UploadStore.swift in Sources */ = {isa = PBXBuildFile; fileRef = ADC1C4552BDC87F2784B2524 /* UploadStore.swift */; };
		950A7098FE3FAD991195CB09 /* CaptureView.swift in Sources */ = {isa = PBXBuildFile; fileRef = C668F17153B23B136BF59CD2 /* CaptureView.swift */; };
		975A5B03FE71859367E2BA8C /* LiveAPIClient.swift in Sources */ = {isa = PBXBuildFile; fileRef = 203C76D7B86766C1A45DC3A8 /* LiveAPIClient.swift */; };
		99AC9E74F8298C023AD05758 /* Haptics.swift in Sources */ = {isa = PBXBuildFile; fileRef = A8A76834D8ACA6FB3A3F20B8 /* Haptics.swift */; };
		9F0F9FB36CE676B73AD1134D /* Components.swift in Sources */ = {isa = PBXBuildFile; fileRef = 9CA2F6510EFF14F20A8690DB /* Components.swift */; };
		A2D5B60401411E19E6F32D53 /* player in Resources */ = {isa = PBXBuildFile; fileRef = C124EFC4DE2D3F67A382CE79 /* player */; };
		A7A29F5867000B7897A7AB72 /* RenderStatusView.swift in Sources */ = {isa = PBXBuildFile; fileRef = 54BAD1E704C7727945DD4F73 /* RenderStatusView.swift */; };
		B31C7C4605D0DDFD6A64112F /* AuthStore.swift in Sources */ = {isa = PBXBuildFile; fileRef = D6E840EECFE99535BBB90390 /* AuthStore.swift */; };
		BB26F6B8B89FEC985937CAC3 /* NewListingView.swift in Sources */ = {isa = PBXBuildFile; fileRef = A3F07519FDA41A8A1043CDA0 /* NewListingView.swift */; };
		D0653B4BDA1E453140DBE7BA /* OnboardingView.swift in Sources */ = {isa = PBXBuildFile; fileRef = 4EFAB60A262F81770E76534E /* OnboardingView.swift */; };
		E3DCCDEB5D91AFCE68687A57 /* Formatters.swift in Sources */ = {isa = PBXBuildFile; fileRef = 19CC9E2E694D65DC5116B84C /* Formatters.swift */; };
		E6CA545180045304CB1CF06E /* FlythroughDetailView.swift in Sources */ = {isa = PBXBuildFile; fileRef = 159750D918990BA658CFBBB7 /* FlythroughDetailView.swift */; };
		F34ECB50446CA79CC60B2901 /* FileStore.swift in Sources */ = {isa = PBXBuildFile; fileRef = 403AF389A944AF0B9F4700B1 /* FileStore.swift */; };
		F4A33EE7FCDDEA87E548A7C5 /* DirectUploader.swift in Sources */ = {isa = PBXBuildFile; fileRef = 61AD972518DD362511944597 /* DirectUploader.swift */; };
		F92FE2AE885FED5DE3416C63 /* CaptureAsset.swift in Sources */ = {isa = PBXBuildFile; fileRef = 2F67951679D7C54B4F041675 /* CaptureAsset.swift */; };
		FB7EB9BFCB4BCF6B59E4B78C /* Assets.xcassets in Resources */ = {isa = PBXBuildFile; fileRef = 3FBCB5707EABFE49CFFFB45F /* Assets.xcassets */; };
		FBC7F7530EE3641AF6FCC985 /* Typography.swift in Sources */ = {isa = PBXBuildFile; fileRef = 80381560DC3B2225305BBD0E /* Typography.swift */; };
		FD8601856270E02EDD696F5C /* PlayerWebView.swift in Sources */ = {isa = PBXBuildFile; fileRef = 7F31D014BAD4F175BA1951C3 /* PlayerWebView.swift */; };
		FEB809B92CCE90A007E559BA /* SettingsView.swift in Sources */ = {isa = PBXBuildFile; fileRef = 9FBACFE1B0540B32F3BD4EAB /* SettingsView.swift */; };
		FFDE430BDCDF2D536BE7BBCD /* HomeListingsView.swift in Sources */ = {isa = PBXBuildFile; fileRef = 4DB70E1D3371927DB43F686D /* HomeListingsView.swift */; };
/* End PBXBuildFile section */

/* Begin PBXFileReference section */
		018491D467DE946745CF3D0F /* Theme.swift */ = {isa = PBXFileReference; lastKnownFileType = sourcecode.swift; path = Theme.swift; sourceTree = "<group>"; };
		159750D918990BA658CFBBB7 /* FlythroughDetailView.swift */ = {isa = PBXFileReference; lastKnownFileType = sourcecode.swift; path = FlythroughDetailView.swift; sourceTree = "<group>"; };
		19CC9E2E694D65DC5116B84C /* Formatters.swift */ = {isa = PBXFileReference; lastKnownFileType = sourcecode.swift; path = Formatters.swift; sourceTree = "<group>"; };
		203C76D7B86766C1A45DC3A8 /* LiveAPIClient.swift */ = {isa = PBXFileReference; lastKnownFileType = sourcecode.swift; path = LiveAPIClient.swift; sourceTree = "<group>"; };
		2F67951679D7C54B4F041675 /* CaptureAsset.swift */ = {isa = PBXFileReference; lastKnownFileType = sourcecode.swift; path = CaptureAsset.swift; sourceTree = "<group>"; };
		316485AB70E423CF1DF80718 /* RoomTag.swift */ = {isa = PBXFileReference; lastKnownFileType = sourcecode.swift; path = RoomTag.swift; sourceTree = "<group>"; };
		3231FC8BA993B604957BA2A9 /* GuidanceOverlays.swift */ = {isa = PBXFileReference; lastKnownFileType = sourcecode.swift; path = GuidanceOverlays.swift; sourceTree = "<group>"; };
		34F0E27823CF4F0E6D18CD04 /* Rendprop.app */ = {isa = PBXFileReference; explicitFileType = wrapper.application; includeInIndex = 0; path = Rendprop.app; sourceTree = BUILT_PRODUCTS_DIR; };
		3FBCB5707EABFE49CFFFB45F /* Assets.xcassets */ = {isa = PBXFileReference; lastKnownFileType = folder.assetcatalog; path = Assets.xcassets; sourceTree = "<group>"; };
		403AF389A944AF0B9F4700B1 /* FileStore.swift */ = {isa = PBXFileReference; lastKnownFileType = sourcecode.swift; path = FileStore.swift; sourceTree = "<group>"; };
		4801EBFCC788B0BADF6B9B10 /* APIClient.swift */ = {isa = PBXFileReference; lastKnownFileType = sourcecode.swift; path = APIClient.swift; sourceTree = "<group>"; };
		486A2245D2766F4943B5016A /* RendpropApp.swift */ = {isa = PBXFileReference; lastKnownFileType = sourcecode.swift; path = RendpropApp.swift; sourceTree = "<group>"; };
		4DB70E1D3371927DB43F686D /* HomeListingsView.swift */ = {isa = PBXFileReference; lastKnownFileType = sourcecode.swift; path = HomeListingsView.swift; sourceTree = "<group>"; };
		4EFAB60A262F81770E76534E /* OnboardingView.swift */ = {isa = PBXFileReference; lastKnownFileType = sourcecode.swift; path = OnboardingView.swift; sourceTree = "<group>"; };
		54BAD1E704C7727945DD4F73 /* RenderStatusView.swift */ = {isa = PBXFileReference; lastKnownFileType = sourcecode.swift; path = RenderStatusView.swift; sourceTree = "<group>"; };
		61AD972518DD362511944597 /* DirectUploader.swift */ = {isa = PBXFileReference; lastKnownFileType = sourcecode.swift; path = DirectUploader.swift; sourceTree = "<group>"; };
		64F504BEA07223F8D2919C7C /* MockAPIClient.swift */ = {isa = PBXFileReference; lastKnownFileType = sourcecode.swift; path = MockAPIClient.swift; sourceTree = "<group>"; };
		6BCB0F63331E811E0E46F4DD /* Listing.swift */ = {isa = PBXFileReference; lastKnownFileType = sourcecode.swift; path = Listing.swift; sourceTree = "<group>"; };
		7F31D014BAD4F175BA1951C3 /* PlayerWebView.swift */ = {isa = PBXFileReference; lastKnownFileType = sourcecode.swift; path = PlayerWebView.swift; sourceTree = "<group>"; };
		80381560DC3B2225305BBD0E /* Typography.swift */ = {isa = PBXFileReference; lastKnownFileType = sourcecode.swift; path = Typography.swift; sourceTree = "<group>"; };
		8F6923003FD522B9ABD95A17 /* Config.swift */ = {isa = PBXFileReference; lastKnownFileType = sourcecode.swift; path = Config.swift; sourceTree = "<group>"; };
		8FFE29B1467DA3FB45305D48 /* Rendprop.entitlements */ = {isa = PBXFileReference; lastKnownFileType = text.plist.entitlements; path = Rendprop.entitlements; sourceTree = "<group>"; };
		9CA2F6510EFF14F20A8690DB /* Components.swift */ = {isa = PBXFileReference; lastKnownFileType = sourcecode.swift; path = Components.swift; sourceTree = "<group>"; };
		9FBACFE1B0540B32F3BD4EAB /* SettingsView.swift */ = {isa = PBXFileReference; lastKnownFileType = sourcecode.swift; path = SettingsView.swift; sourceTree = "<group>"; };
		A3F07519FDA41A8A1043CDA0 /* NewListingView.swift */ = {isa = PBXFileReference; lastKnownFileType = sourcecode.swift; path = NewListingView.swift; sourceTree = "<group>"; };
		A8A76834D8ACA6FB3A3F20B8 /* Haptics.swift */ = {isa = PBXFileReference; lastKnownFileType = sourcecode.swift; path = Haptics.swift; sourceTree = "<group>"; };
		ADC1C4552BDC87F2784B2524 /* UploadStore.swift */ = {isa = PBXFileReference; lastKnownFileType = sourcecode.swift; path = UploadStore.swift; sourceTree = "<group>"; };
		AF39E16ADEA845930C7ACE64 /* MotionRecorder.swift */ = {isa = PBXFileReference; lastKnownFileType = sourcecode.swift; path = MotionRecorder.swift; sourceTree = "<group>"; };
		B334615711A0590CE40AA4C9 /* RoomTagBar.swift */ = {isa = PBXFileReference; lastKnownFileType = sourcecode.swift; path = RoomTagBar.swift; sourceTree = "<group>"; };
		B7D1D9FEB458ADF38605A25B /* ReviewSubmitView.swift */ = {isa = PBXFileReference; lastKnownFileType = sourcecode.swift; path = ReviewSubmitView.swift; sourceTree = "<group>"; };
		BF98C33A6621790D95D9D12A /* Render.swift */ = {isa = PBXFileReference; lastKnownFileType = sourcecode.swift; path = Render.swift; sourceTree = "<group>"; };
		C124EFC4DE2D3F67A382CE79 /* player */ = {isa = PBXFileReference; lastKnownFileType = folder; name = player; path = Rendprop/Resources/player; sourceTree = SOURCE_ROOT; };
		C65AFC6059E55D94283A7BEF /* Money.swift */ = {isa = PBXFileReference; lastKnownFileType = sourcecode.swift; path = Money.swift; sourceTree = "<group>"; };
		C668F17153B23B136BF59CD2 /* CaptureView.swift */ = {isa = PBXFileReference; lastKnownFileType = sourcecode.swift; path = CaptureView.swift; sourceTree = "<group>"; };
		CDD05D9B08B8E70E3DCDCAD3 /* UploadManager.swift */ = {isa = PBXFileReference; lastKnownFileType = sourcecode.swift; path = UploadManager.swift; sourceTree = "<group>"; };
		D35CD17447A4E6030F9C1F43 /* Info.plist */ = {isa = PBXFileReference; lastKnownFileType = text.plist; path = Info.plist; sourceTree = "<group>"; };
		D6E840EECFE99535BBB90390 /* AuthStore.swift */ = {isa = PBXFileReference; lastKnownFileType = sourcecode.swift; path = AuthStore.swift; sourceTree = "<group>"; };
		D746633FD7B0C96F45695CBF /* CameraManager.swift */ = {isa = PBXFileReference; lastKnownFileType = sourcecode.swift; path = CameraManager.swift; sourceTree = "<group>"; };
		EF368AB27AC0367798607FA4 /* MediaImporter.swift */ = {isa = PBXFileReference; lastKnownFileType = sourcecode.swift; path = MediaImporter.swift; sourceTree = "<group>"; };
/* End PBXFileReference section */

/* Begin PBXGroup section */
		2BD858F14F5F9A7EB406795D /* Models */ = {
			isa = PBXGroup;
			children = (
				2F67951679D7C54B4F041675 /* CaptureAsset.swift */,
				6BCB0F63331E811E0E46F4DD /* Listing.swift */,
				C65AFC6059E55D94283A7BEF /* Money.swift */,
				BF98C33A6621790D95D9D12A /* Render.swift */,
				316485AB70E423CF1DF80718 /* RoomTag.swift */,
			);
			path = Models;
			sourceTree = "<group>";
		};
		3C2858C25AE8771F7B57534E = {
			isa = PBXGroup;
			children = (
				742292FC30FE504A491FDED6 /* Rendprop */,
				7DC52B8A2F906136269A30B5 /* Products */,
			);
			sourceTree = "<group>";
		};
		5450236F2B8870B1E41830B0 /* Resources */ = {
			isa = PBXGroup;
			children = (
				3FBCB5707EABFE49CFFFB45F /* Assets.xcassets */,
				C124EFC4DE2D3F67A382CE79 /* player */,
			);
			path = Resources;
			sourceTree = "<group>";
		};
		5BDD63390664CAC6B618C304 /* Capture */ = {
			isa = PBXGroup;
			children = (
				D746633FD7B0C96F45695CBF /* CameraManager.swift */,
				C668F17153B23B136BF59CD2 /* CaptureView.swift */,
				3231FC8BA993B604957BA2A9 /* GuidanceOverlays.swift */,
				AF39E16ADEA845930C7ACE64 /* MotionRecorder.swift */,
				B334615711A0590CE40AA4C9 /* RoomTagBar.swift */,
			);
			path = Capture;
			sourceTree = "<group>";
		};
		742292FC30FE504A491FDED6 /* Rendprop */ = {
			isa = PBXGroup;
			children = (
				8F6923003FD522B9ABD95A17 /* Config.swift */,
				D35CD17447A4E6030F9C1F43 /* Info.plist */,
				8FFE29B1467DA3FB45305D48 /* Rendprop.entitlements */,
				486A2245D2766F4943B5016A /* RendpropApp.swift */,
				D96340DB7781146005EEA9A6 /* Auth */,
				5BDD63390664CAC6B618C304 /* Capture */,
				BA294DD207C09540838285C4 /* DesignSystem */,
				BEE53957A25F307405DD99DA /* Import */,
				2BD858F14F5F9A7EB406795D /* Models */,
				E7EF9A211711ED4316CDFCDC /* Networking */,
				5450236F2B8870B1E41830B0 /* Resources */,
				CE36C401FF007C302A4EF57C /* Screens */,
				B63CFDC890322A76057A6DFA /* Support */,
				A6F8678DE6DFC6C04E9896EC /* Upload */,
			);
			path = Rendprop;
			sourceTree = "<group>";
		};
		7DC52B8A2F906136269A30B5 /* Products */ = {
			isa = PBXGroup;
			children = (
				34F0E27823CF4F0E6D18CD04 /* Rendprop.app */,
			);
			name = Products;
			sourceTree = "<group>";
		};
		A6F8678DE6DFC6C04E9896EC /* Upload */ = {
			isa = PBXGroup;
			children = (
				61AD972518DD362511944597 /* DirectUploader.swift */,
				CDD05D9B08B8E70E3DCDCAD3 /* UploadManager.swift */,
				ADC1C4552BDC87F2784B2524 /* UploadStore.swift */,
			);
			path = Upload;
			sourceTree = "<group>";
		};
		B63CFDC890322A76057A6DFA /* Support */ = {
			isa = PBXGroup;
			children = (
				403AF389A944AF0B9F4700B1 /* FileStore.swift */,
				19CC9E2E694D65DC5116B84C /* Formatters.swift */,
			);
			path = Support;
			sourceTree = "<group>";
		};
		BA294DD207C09540838285C4 /* DesignSystem */ = {
			isa = PBXGroup;
			children = (
				9CA2F6510EFF14F20A8690DB /* Components.swift */,
				A8A76834D8ACA6FB3A3F20B8 /* Haptics.swift */,
				018491D467DE946745CF3D0F /* Theme.swift */,
				80381560DC3B2225305BBD0E /* Typography.swift */,
			);
			path = DesignSystem;
			sourceTree = "<group>";
		};
		BEE53957A25F307405DD99DA /* Import */ = {
			isa = PBXGroup;
			children = (
				EF368AB27AC0367798607FA4 /* MediaImporter.swift */,
			);
			path = Import;
			sourceTree = "<group>";
		};
		CE36C401FF007C302A4EF57C /* Screens */ = {
			isa = PBXGroup;
			children = (
				159750D918990BA658CFBBB7 /* FlythroughDetailView.swift */,
				4DB70E1D3371927DB43F686D /* HomeListingsView.swift */,
				A3F07519FDA41A8A1043CDA0 /* NewListingView.swift */,
				4EFAB60A262F81770E76534E /* OnboardingView.swift */,
				7F31D014BAD4F175BA1951C3 /* PlayerWebView.swift */,
				54BAD1E704C7727945DD4F73 /* RenderStatusView.swift */,
				B7D1D9FEB458ADF38605A25B /* ReviewSubmitView.swift */,
				9FBACFE1B0540B32F3BD4EAB /* SettingsView.swift */,
			);
			path = Screens;
			sourceTree = "<group>";
		};
		D96340DB7781146005EEA9A6 /* Auth */ = {
			isa = PBXGroup;
			children = (
				D6E840EECFE99535BBB90390 /* AuthStore.swift */,
			);
			path = Auth;
			sourceTree = "<group>";
		};
		E7EF9A211711ED4316CDFCDC /* Networking */ = {
			isa = PBXGroup;
			children = (
				4801EBFCC788B0BADF6B9B10 /* APIClient.swift */,
				203C76D7B86766C1A45DC3A8 /* LiveAPIClient.swift */,
				64F504BEA07223F8D2919C7C /* MockAPIClient.swift */,
			);
			path = Networking;
			sourceTree = "<group>";
		};
/* End PBXGroup section */

/* Begin PBXNativeTarget section */
		E6EC28A1E47FC62776E29A13 /* Rendprop */ = {
			isa = PBXNativeTarget;
			buildConfigurationList = C95EBADE31EF26CDD2DC38F2 /* Build configuration list for PBXNativeTarget "Rendprop" */;
			buildPhases = (
				D0955BE6F5BA9BFC48AF68C0 /* Sources */,
				5851C1851015EB92FCCDD339 /* Resources */,
			);
			buildRules = (
			);
			dependencies = (
			);
			name = Rendprop;
			packageProductDependencies = (
			);
			productName = Rendprop;
			productReference = 34F0E27823CF4F0E6D18CD04 /* Rendprop.app */;
			productType = "com.apple.product-type.application";
		};
/* End PBXNativeTarget section */

/* Begin PBXProject section */
		19BAE0B2825D3C4BB72900CC /* Project object */ = {
			isa = PBXProject;
			attributes = {
				BuildIndependentTargetsInParallel = YES;
				LastUpgradeCheck = 1430;
				TargetAttributes = {
					E6EC28A1E47FC62776E29A13 = {
						ProvisioningStyle = Automatic;
					};
				};
			};
			buildConfigurationList = DF6F172B8EC25FA2012AC76E /* Build configuration list for PBXProject "Rendprop" */;
			developmentRegion = en;
			hasScannedForEncodings = 0;
			knownRegions = (
				Base,
				en,
			);
			mainGroup = 3C2858C25AE8771F7B57534E;
			minimizedProjectReferenceProxies = 1;
			preferredProjectObjectVersion = 77;
			productRefGroup = 7DC52B8A2F906136269A30B5 /* Products */;
			projectDirPath = "";
			projectRoot = "";
			targets = (
				E6EC28A1E47FC62776E29A13 /* Rendprop */,
			);
		};
/* End PBXProject section */

/* Begin PBXResourcesBuildPhase section */
		5851C1851015EB92FCCDD339 /* Resources */ = {
			isa = PBXResourcesBuildPhase;
			buildActionMask = 2147483647;
			files = (
				FB7EB9BFCB4BCF6B59E4B78C /* Assets.xcassets in Resources */,
				A2D5B60401411E19E6F32D53 /* player in Resources */,
			);
			runOnlyForDeploymentPostprocessing = 0;
		};
/* End PBXResourcesBuildPhase section */

/* Begin PBXSourcesBuildPhase section */
		D0955BE6F5BA9BFC48AF68C0 /* Sources */ = {
			isa = PBXSourcesBuildPhase;
			buildActionMask = 2147483647;
			files = (
				4AEA3C8C014C2773A6D75CF5 /* APIClient.swift in Sources */,
				B31C7C4605D0DDFD6A64112F /* AuthStore.swift in Sources */,
				37D554C3AC6570078EBC9896 /* CameraManager.swift in Sources */,
				F92FE2AE885FED5DE3416C63 /* CaptureAsset.swift in Sources */,
				950A7098FE3FAD991195CB09 /* CaptureView.swift in Sources */,
				9F0F9FB36CE676B73AD1134D /* Components.swift in Sources */,
				2F41893E5E026B023E5CF32A /* Config.swift in Sources */,
				F4A33EE7FCDDEA87E548A7C5 /* DirectUploader.swift in Sources */,
				F34ECB50446CA79CC60B2901 /* FileStore.swift in Sources */,
				E6CA545180045304CB1CF06E /* FlythroughDetailView.swift in Sources */,
				E3DCCDEB5D91AFCE68687A57 /* Formatters.swift in Sources */,
				3F893603CC6D98B3A9507F0B /* GuidanceOverlays.swift in Sources */,
				99AC9E74F8298C023AD05758 /* Haptics.swift in Sources */,
				FFDE430BDCDF2D536BE7BBCD /* HomeListingsView.swift in Sources */,
				23166309A38B504B2FE352A1 /* Listing.swift in Sources */,
				975A5B03FE71859367E2BA8C /* LiveAPIClient.swift in Sources */,
				1AF302A469774E89A13D3A73 /* MediaImporter.swift in Sources */,
				2B27AEC759767C065434016B /* MockAPIClient.swift in Sources */,
				23103C7671C216BFBEA08797 /* Money.swift in Sources */,
				44D77681F17A48AB00E4028D /* MotionRecorder.swift in Sources */,
				BB26F6B8B89FEC985937CAC3 /* NewListingView.swift in Sources */,
				D0653B4BDA1E453140DBE7BA /* OnboardingView.swift in Sources */,
				FD8601856270E02EDD696F5C /* PlayerWebView.swift in Sources */,
				6EFC1A84FF29D7C6D3E0F48E /* Render.swift in Sources */,
				A7A29F5867000B7897A7AB72 /* RenderStatusView.swift in Sources */,
				758E75217D27104E3E91E281 /* RendpropApp.swift in Sources */,
				3D745D9F3E2B8C9A208D52A3 /* ReviewSubmitView.swift in Sources */,
				281753E774DF3902B4957387 /* RoomTag.swift in Sources */,
				10B243AEF92B1D0E75EF2548 /* RoomTagBar.swift in Sources */,
				FEB809B92CCE90A007E559BA /* SettingsView.swift in Sources */,
				8D827D4D42BBDCFD1534BCBC /* Theme.swift in Sources */,
				FBC7F7530EE3641AF6FCC985 /* Typography.swift in Sources */,
				53CC0E62674B1169C4677F54 /* UploadManager.swift in Sources */,
				900239439C3FF1B9C934F76D /* UploadStore.swift in Sources */,
			);
			runOnlyForDeploymentPostprocessing = 0;
		};
/* End PBXSourcesBuildPhase section */

/* Begin XCBuildConfiguration section */
		B648CCC77A06C952E4F22E19 /* Release */ = {
			isa = XCBuildConfiguration;
			buildSettings = {
				ASSETCATALOG_COMPILER_APPICON_NAME = AppIcon;
				ASSETCATALOG_COMPILER_GLOBAL_ACCENT_COLOR_NAME = AccentColor;
				CODE_SIGN_ENTITLEMENTS = Rendprop/Rendprop.entitlements;
				CODE_SIGN_IDENTITY = "iPhone Developer";
				DEVELOPMENT_TEAM = 5F5C5G25Y6;
				INFOPLIST_FILE = Rendprop/Info.plist;
				LD_RUNPATH_SEARCH_PATHS = (
					"$(inherited)",
					"@executable_path/Frameworks",
				);
				PRODUCT_BUNDLE_IDENTIFIER = com.rendprop.app;
				SDKROOT = iphoneos;
				SUPPORTS_MACCATALYST = NO;
				TARGETED_DEVICE_FAMILY = 1;
			};
			name = Release;
		};
		CBF6809F3A3C77E5AAC53A6C /* Debug */ = {
			isa = XCBuildConfiguration;
			buildSettings = {
				ALWAYS_SEARCH_USER_PATHS = NO;
				CLANG_ANALYZER_NONNULL = YES;
				CLANG_ANALYZER_NUMBER_OBJECT_CONVERSION = YES_AGGRESSIVE;
				CLANG_CXX_LANGUAGE_STANDARD = "gnu++14";
				CLANG_CXX_LIBRARY = "libc++";
				CLANG_ENABLE_MODULES = YES;
				CLANG_ENABLE_OBJC_ARC = YES;
				CLANG_ENABLE_OBJC_WEAK = YES;
				CLANG_WARN_BLOCK_CAPTURE_AUTORELEASING = YES;
				CLANG_WARN_BOOL_CONVERSION = YES;
				CLANG_WARN_COMMA = YES;
				CLANG_WARN_CONSTANT_CONVERSION = YES;
				CLANG_WARN_DEPRECATED_OBJC_IMPLEMENTATIONS = YES;
				CLANG_WARN_DIRECT_OBJC_ISA_USAGE = YES_ERROR;
				CLANG_WARN_DOCUMENTATION_COMMENTS = YES;
				CLANG_WARN_EMPTY_BODY = YES;
				CLANG_WARN_ENUM_CONVERSION = YES;
				CLANG_WARN_INFINITE_RECURSION = YES;
				CLANG_WARN_INT_CONVERSION = YES;
				CLANG_WARN_NON_LITERAL_NULL_CONVERSION = YES;
				CLANG_WARN_OBJC_IMPLICIT_RETAIN_SELF = YES;
				CLANG_WARN_OBJC_LITERAL_CONVERSION = YES;
				CLANG_WARN_OBJC_ROOT_CLASS = YES_ERROR;
				CLANG_WARN_QUOTED_INCLUDE_IN_FRAMEWORK_HEADER = YES;
				CLANG_WARN_RANGE_LOOP_ANALYSIS = YES;
				CLANG_WARN_STRICT_PROTOTYPES = YES;
				CLANG_WARN_SUSPICIOUS_MOVE = YES;
				CLANG_WARN_UNGUARDED_AVAILABILITY = YES_AGGRESSIVE;
				CLANG_WARN_UNREACHABLE_CODE = YES;
				CLANG_WARN__DUPLICATE_METHOD_MATCH = YES;
				CODE_SIGN_STYLE = Automatic;
				COPY_PHASE_STRIP = NO;
				CURRENT_PROJECT_VERSION = 1;
				DEBUG_INFORMATION_FORMAT = dwarf;
				DEVELOPMENT_TEAM = "";
				ENABLE_STRICT_OBJC_MSGSEND = YES;
				ENABLE_TESTABILITY = YES;
				ENABLE_USER_SCRIPT_SANDBOXING = YES;
				GCC_C_LANGUAGE_STANDARD = gnu11;
				GCC_DYNAMIC_NO_PIC = NO;
				GCC_NO_COMMON_BLOCKS = YES;
				GCC_OPTIMIZATION_LEVEL = 0;
				GCC_PREPROCESSOR_DEFINITIONS = (
					"$(inherited)",
					"DEBUG=1",
				);
				GCC_WARN_64_TO_32_BIT_CONVERSION = YES;
				GCC_WARN_ABOUT_RETURN_TYPE = YES_ERROR;
				GCC_WARN_UNDECLARED_SELECTOR = YES;
				GCC_WARN_UNINITIALIZED_AUTOS = YES_AGGRESSIVE;
				GCC_WARN_UNUSED_FUNCTION = YES;
				GCC_WARN_UNUSED_VARIABLE = YES;
				GENERATE_INFOPLIST_FILE = NO;
				INFOPLIST_FILE = Rendprop/Info.plist;
				IPHONEOS_DEPLOYMENT_TARGET = 16.0;
				MARKETING_VERSION = 0.1.0;
				MTL_ENABLE_DEBUG_INFO = INCLUDE_SOURCE;
				MTL_FAST_MATH = YES;
				ONLY_ACTIVE_ARCH = YES;
				PRODUCT_NAME = "$(TARGET_NAME)";
				SDKROOT = iphoneos;
				SWIFT_ACTIVE_COMPILATION_CONDITIONS = DEBUG;
				SWIFT_OPTIMIZATION_LEVEL = "-Onone";
				SWIFT_VERSION = 5.9;
			};
			name = Debug;
		};
		D3570813FBDBA9A1E7ACB836 /* Release */ = {
			isa = XCBuildConfiguration;
			buildSettings = {
				ALWAYS_SEARCH_USER_PATHS = NO;
				CLANG_ANALYZER_NONNULL = YES;
				CLANG_ANALYZER_NUMBER_OBJECT_CONVERSION = YES_AGGRESSIVE;
				CLANG_CXX_LANGUAGE_STANDARD = "gnu++14";
				CLANG_CXX_LIBRARY = "libc++";
				CLANG_ENABLE_MODULES = YES;
				CLANG_ENABLE_OBJC_ARC = YES;
				CLANG_ENABLE_OBJC_WEAK = YES;
				CLANG_WARN_BLOCK_CAPTURE_AUTORELEASING = YES;
				CLANG_WARN_BOOL_CONVERSION = YES;
				CLANG_WARN_COMMA = YES;
				CLANG_WARN_CONSTANT_CONVERSION = YES;
				CLANG_WARN_DEPRECATED_OBJC_IMPLEMENTATIONS = YES;
				CLANG_WARN_DIRECT_OBJC_ISA_USAGE = YES_ERROR;
				CLANG_WARN_DOCUMENTATION_COMMENTS = YES;
				CLANG_WARN_EMPTY_BODY = YES;
				CLANG_WARN_ENUM_CONVERSION = YES;
				CLANG_WARN_INFINITE_RECURSION = YES;
				CLANG_WARN_INT_CONVERSION = YES;
				CLANG_WARN_NON_LITERAL_NULL_CONVERSION = YES;
				CLANG_WARN_OBJC_IMPLICIT_RETAIN_SELF = YES;
				CLANG_WARN_OBJC_LITERAL_CONVERSION = YES;
				CLANG_WARN_OBJC_ROOT_CLASS = YES_ERROR;
				CLANG_WARN_QUOTED_INCLUDE_IN_FRAMEWORK_HEADER = YES;
				CLANG_WARN_RANGE_LOOP_ANALYSIS = YES;
				CLANG_WARN_STRICT_PROTOTYPES = YES;
				CLANG_WARN_SUSPICIOUS_MOVE = YES;
				CLANG_WARN_UNGUARDED_AVAILABILITY = YES_AGGRESSIVE;
				CLANG_WARN_UNREACHABLE_CODE = YES;
				CLANG_WARN__DUPLICATE_METHOD_MATCH = YES;
				CODE_SIGN_STYLE = Automatic;
				COPY_PHASE_STRIP = NO;
				CURRENT_PROJECT_VERSION = 1;
				DEBUG_INFORMATION_FORMAT = "dwarf-with-dsym";
				DEVELOPMENT_TEAM = "";
				ENABLE_NS_ASSERTIONS = NO;
				ENABLE_STRICT_OBJC_MSGSEND = YES;
				ENABLE_USER_SCRIPT_SANDBOXING = YES;
				GCC_C_LANGUAGE_STANDARD = gnu11;
				GCC_NO_COMMON_BLOCKS = YES;
				GCC_WARN_64_TO_32_BIT_CONVERSION = YES;
				GCC_WARN_ABOUT_RETURN_TYPE = YES_ERROR;
				GCC_WARN_UNDECLARED_SELECTOR = YES;
				GCC_WARN_UNINITIALIZED_AUTOS = YES_AGGRESSIVE;
				GCC_WARN_UNUSED_FUNCTION = YES;
				GCC_WARN_UNUSED_VARIABLE = YES;
				GENERATE_INFOPLIST_FILE = NO;
				INFOPLIST_FILE = Rendprop/Info.plist;
				IPHONEOS_DEPLOYMENT_TARGET = 16.0;
				MARKETING_VERSION = 0.1.0;
				MTL_ENABLE_DEBUG_INFO = NO;
				MTL_FAST_MATH = YES;
				PRODUCT_NAME = "$(TARGET_NAME)";
				SDKROOT = iphoneos;
				SWIFT_COMPILATION_MODE = wholemodule;
				SWIFT_OPTIMIZATION_LEVEL = "-O";
				SWIFT_VERSION = 5.9;
			};
			name = Release;
		};
		FAA45C0F7D5323D9792A0CD7 /* Debug */ = {
			isa = XCBuildConfiguration;
			buildSettings = {
				ASSETCATALOG_COMPILER_APPICON_NAME = AppIcon;
				ASSETCATALOG_COMPILER_GLOBAL_ACCENT_COLOR_NAME = AccentColor;
				CODE_SIGN_ENTITLEMENTS = Rendprop/Rendprop.entitlements;
				CODE_SIGN_IDENTITY = "iPhone Developer";
				DEVELOPMENT_TEAM = 5F5C5G25Y6;
				INFOPLIST_FILE = Rendprop/Info.plist;
				LD_RUNPATH_SEARCH_PATHS = (
					"$(inherited)",
					"@executable_path/Frameworks",
				);
				PRODUCT_BUNDLE_IDENTIFIER = com.rendprop.app;
				SDKROOT = iphoneos;
				SUPPORTS_MACCATALYST = NO;
				TARGETED_DEVICE_FAMILY = 1;
			};
			name = Debug;
		};
/* End XCBuildConfiguration section */

/* Begin XCConfigurationList section */
		C95EBADE31EF26CDD2DC38F2 /* Build configuration list for PBXNativeTarget "Rendprop" */ = {
			isa = XCConfigurationList;
			buildConfigurations = (
				FAA45C0F7D5323D9792A0CD7 /* Debug */,
				B648CCC77A06C952E4F22E19 /* Release */,
			);
			defaultConfigurationIsVisible = 0;
			defaultConfigurationName = Debug;
		};
		DF6F172B8EC25FA2012AC76E /* Build configuration list for PBXProject "Rendprop" */ = {
			isa = XCConfigurationList;
			buildConfigurations = (
				CBF6809F3A3C77E5AAC53A6C /* Debug */,
				D3570813FBDBA9A1E7ACB836 /* Release */,
			);
			defaultConfigurationIsVisible = 0;
			defaultConfigurationName = Debug;
		};
/* End XCConfigurationList section */
	};
	rootObject = 19BAE0B2825D3C4BB72900CC /* Project object */;
}
